
Microsoft Visual Studio Solution File, Format Version 12.00
# Visual Studio 15
VisualStudioVersion = 15.0.28010.2050
MinimumVisualStudioVersion = 10.0.40219.1
Project("{FAE04EC0-301F-11D3-BF4B-00C04F79EFBC}") = "Citrusbyte.Collections", "Citrusbyte.Collections\Citrusbyte.Collections.csproj", "{44C45131-9B50-4E38-924B-CCCA1B465A3E}"
EndProject
Project("{FAE04EC0-301F-11D3-BF4B-00C04F79EFBC}") = "Citrusbyte.Collections.Tests", "Citrusbyte.Collections.Tests\Citrusbyte.Collections.Tests.csproj", "{4D6B8E8F-C2ED-481F-9B12-252C51DEDC80}"
EndProject
Global
	GlobalSection(SolutionConfigurationPlatforms) = preSolution
		Debug|Any CPU = Debug|Any CPU
		Release|Any CPU = Release|Any CPU
	EndGlobalSection
	GlobalSection(ProjectConfigurationPlatforms) = postSolution
		{44C45131-9B50-4E38-924B-CCCA1B465A3E}.Debug|Any CPU.ActiveCfg = Debug|Any CPU
		{44C45131-9B50-4E38-924B-CCCA1B465A3E}.Debug|Any CPU.Build.0 = Debug|Any CPU
		{44C45131-9B50-4E38-924B-CCCA1B465A3E}.Release|Any CPU.ActiveCfg = Release|Any CPU
		{44C45131-9B50-4E38-924B-CCCA1B465A3E}.Release|Any CPU.Build.0 = Release|Any CPU
		{4D6B8E8F-C2ED-481F-9B12-252C51DEDC80}.Debug|Any CPU.ActiveCfg = Debug|Any CPU
		{4D6B8E8F-C2ED-481F-9B12-252C51DEDC80}.Debug|Any CPU.Build.0 = Debug|Any CPU
		{4D6B8E8F-C2ED-481F-9B12-252C51DEDC80}.Release|Any CPU.ActiveCfg = Release|Any CPU
		{4D6B8E8F-C2ED-481F-9B12-252C51DEDC80}.Release|Any CPU.Build.0 = Release|Any CPU
	EndGlobalSection
	GlobalSection(SolutionProperties) = preSolution
		HideSolutionNode = FALSE
	EndGlobalSection
	GlobalSection(ExtensibilityGlobals) = postSolution
		SolutionGuid = {106D0F10-FAAD-4F38-9BB8-3459AE77B398}
	EndGlobalSection
EndGlobal
